github.com/Masterminds/semver/v3 v3.2.1 h1:RN9w6+7QoMeJVGyfmbcgs28Br8cvmnucEXnY0rYXWg0=
github.com/Masterminds/semver/v3 v3.2.1/go.mod h1:qvl/7zhW3nngYb5+80sSMF+FG2BjYrf8m9wsX0PNOMQ=
github.com/aws/aws-cdk-go/awscdk/v2 v2.85.0 h1:B8BDjskeSYhWSgUGTWCHZzaVw24C8M9ZCXGJR0nhzG8=
github.com/aws/aws-cdk-go/awscdk/v2 v2.85.0/go.mod h1:iogM4eeovumXJvaYmFMc/HtUv7TgOrU/A8b4RlY1eAY=
github.com/aws/constructs-go/constructs/v10 v10.2.54 h1:tT/vTnJtlXtigHtHJXvSpiahGUa0flOIrZ0Eq8kA0aI=
github.com/aws/constructs-go/constructs/v10 v10.2.54/go.mod h1:5WfHPfZkNfuz2sOaSNZPhtKr2bofB0M3/0i8ty3xuW8=
github.com/aws/jsii-runtime-go v1.84.0 h1:ZvOKkGKQBZC8qrlM3qi2hXnbnqI64o3WtVw5ZVd/q9s=
github.com/aws/jsii-runtime-go v1.84.0/go.mod h1:sZ4/oNiaZBQFkzGWZYvqo/85M0EitkFa8SEEEMECt4w=
github.com/cdklabs/awscdk-asset-awscli-go/awscliv1/v2 v2.2.195 h1:IKje91xfTkxmmHTSz4sk1YLctES+iLZ7VSExUc1aJdg=
github.com/cdklabs/awscdk-asset-awscli-go/awscliv1/v2 v2.2.195/go.mod h1:sx6+u9s3UHyhm9BGrkGdQgNA0Ni5ekbJ9hW2Gupvoy0=
github.com/cdklabs/awscdk-asset-kubectl-go/kubectlv20/v2 v2.1.2 h1:k+WD+6cERd59Mao84v0QtRrcdZuuSMfzlEmuIypKnVs=
github.com/cdklabs/awscdk-asset-kubectl-go/kubectlv20/v2 v2.1.2/go.mod h1:CvFHBo0qcg8LUkJqIxQtP1rD/sNGv9bX3L2vHT2FUAo=
github.com/cdklabs/awscdk-asset-node-proxy-agent-go/nodeproxyagentv5/v2 v2.0.165 h1:MLTox0QJa+93VCqhuwILkvbGqVQp6S1U6vDj0dBl8z8=
github.com/cdklabs/awscdk-asset-node-proxy-agent-go/nodeproxyagentv5/v2 v2.0.165/go.mod h1:+1vuQEfIi7wPBy//nNKy6Lofdn5iASiDBJ+YJcSjbEA=
